Microsoft Visual Studio Solution File, Format Version 12.00
# Visual Studio 15
VisualStudioVersion = 15.0.26114.2
MinimumVisualStudioVersion = 10.0.40219.1
Project("{9A19103F-16F7-4668-BE54-9A1E7A4F7556}") = "DayPrinter", "DayPrinter\DayPrinter.csproj", "{B3E76AAA-3BE8-49C7-A831-64EF68C6F28D}"
EndProject
Project("{9A19103F-16F7-4668-BE54-9A1E7A4F7556}") = "ElseIf", "ElseIf\ElseIf.csproj", "{C7008ACC-EE4B-49CC-B7FB-5F9F95E257A9}"
EndProject
Project("{9A19103F-16F7-4668-BE54-9A1E7A4F7556}") = "TempConv", "TempConv\TempConv.csproj", "{6D18F93D-E26F-4FF4-ABF2-1450FD9FB19D}"
EndProject
Project("{9A19103F-16F7-4668-BE54-9A1E7A4F7556}") = "HelloMethods", "HelloMethods\HelloMethods.csproj", "{9B69E0D2-FBD5-4FB4-9D40-768AE4F57300}"
EndProject
Project("{9A19103F-16F7-4668-BE54-9A1E7A4F7556}") = "Gradebook", "Gradebook\Gradebook.csproj", "{9E08496B-2501-4CBF-844F-8FD7BA97F4E6}"
EndProject
Project("{9A19103F-16F7-4668-BE54-9A1E7A4F7556}") = "GradebookDict", "GradebookDict\GradebookDict.csproj", "{EFCB1B91-2E92-478F-BFF7-013FF6911DCC}"
EndProject
Project("{9A19103F-16F7-4668-BE54-9A1E7A4F7556}") = "GradebookArray", "GradebookArray\GradebookArray.csproj", "{89051A0E-8D18-48C3-B4E6-D05F62D252CE}"
EndProject
Project("{FAE04EC0-301F-11D3-BF4B-00C04F79EFBC}") = "HelloWorld", "HelloWorld\HelloWorld.csproj", "{D8F668F6-1603-4549-A508-F88A1C61AB2E}"
EndProject
Project("{FAE04EC0-301F-11D3-BF4B-00C04F79EFBC}") = "RectangleArea", "RectangleArea\RectangleArea.csproj", "{941662DC-3973-40E2-A3CF-73F6C7C60579}"
EndProject
Project("{FAE04EC0-301F-11D3-BF4B-00C04F79EFBC}") = "GasMileage", "GasMileage\GasMileage.csproj", "{9FBD1C54-7634-44DE-BC9D-C20688CA1010}"
EndProject
Project("{FAE04EC0-301F-11D3-BF4B-00C04F79EFBC}") = "AliceSearch", "AliceSearch\AliceSearch.csproj", "{D49DF53A-41DA-4048-AEF9-AA70AB649257}"
EndProject
Project("{FAE04EC0-301F-11D3-BF4B-00C04F79EFBC}") = "CircleArea", "CircleArea\CircleArea.csproj", "{0E5564F9-6660-4317-A6EB-E23B11170831}"
EndProject
Project("{FAE04EC0-301F-11D3-BF4B-00C04F79EFBC}") = "WorkingWithStrings", "WorkingWithStrings\WorkingWithStrings.csproj", "{89958BA4-ABEE-451A-A772-541D4B6EC92E}"
EndProject
Project("{FAE04EC0-301F-11D3-BF4B-00C04F79EFBC}") = "EvenSum", "EvenSum\EvenSum.csproj", "{AD2BF312-20BA-4604-9C59-593438BAE8A4}"
EndProject
Project("{FAE04EC0-301F-11D3-BF4B-00C04F79EFBC}") = "GetFive", "GetFive\GetFive.csproj", "{20DBB28B-49AD-4F70-9843-891D3F465B3C}"
EndProject
Project("{FAE04EC0-301F-11D3-BF4B-00C04F79EFBC}") = "FibSequence", "FibSequence\FibSequence.csproj", "{170E0B18-C449-4987-9EED-D87D56E75584}"
EndProject
Project("{FAE04EC0-301F-11D3-BF4B-00C04F79EFBC}") = "GradebookDictVerTwo", "GradebookDictVerTwo\GradebookDictVerTwo.csproj", "{9AF73E60-150E-4BB9-BB37-9802B4615A93}"
EndProject
Global
	GlobalSection(SolutionConfigurationPlatforms) = preSolution
		Debug|Any CPU = Debug|Any CPU
		Release|Any CPU = Release|Any CPU
	EndGlobalSection
	GlobalSection(ProjectConfigurationPlatforms) = postSolution
		{B3E76AAA-3BE8-49C7-A831-64EF68C6F28D}.Debug|Any CPU.ActiveCfg = Debug|Any CPU
		{B3E76AAA-3BE8-49C7-A831-64EF68C6F28D}.Debug|Any CPU.Build.0 = Debug|Any CPU
		{B3E76AAA-3BE8-49C7-A831-64EF68C6F28D}.Release|Any CPU.ActiveCfg = Release|Any CPU
		{B3E76AAA-3BE8-49C7-A831-64EF68C6F28D}.Release|Any CPU.Build.0 = Release|Any CPU
		{C7008ACC-EE4B-49CC-B7FB-5F9F95E257A9}.Debug|Any CPU.ActiveCfg = Debug|Any CPU
		{C7008ACC-EE4B-49CC-B7FB-5F9F95E257A9}.Debug|Any CPU.Build.0 = Debug|Any CPU
		{C7008ACC-EE4B-49CC-B7FB-5F9F95E257A9}.Release|Any CPU.ActiveCfg = Release|Any CPU
		{C7008ACC-EE4B-49CC-B7FB-5F9F95E257A9}.Release|Any CPU.Build.0 = Release|Any CPU
		{6D18F93D-E26F-4FF4-ABF2-1450FD9FB19D}.Debug|Any CPU.ActiveCfg = Debug|Any CPU
		{6D18F93D-E26F-4FF4-ABF2-1450FD9FB19D}.Debug|Any CPU.Build.0 = Debug|Any CPU
		{6D18F93D-E26F-4FF4-ABF2-1450FD9FB19D}.Release|Any CPU.ActiveCfg = Release|Any CPU
		{6D18F93D-E26F-4FF4-ABF2-1450FD9FB19D}.Release|Any CPU.Build.0 = Release|Any CPU
		{9B69E0D2-FBD5-4FB4-9D40-768AE4F57300}.Debug|Any CPU.ActiveCfg = Debug|Any CPU
		{9B69E0D2-FBD5-4FB4-9D40-768AE4F57300}.Debug|Any CPU.Build.0 = Debug|Any CPU
		{9B69E0D2-FBD5-4FB4-9D40-768AE4F57300}.Release|Any CPU.ActiveCfg = Release|Any CPU
		{9B69E0D2-FBD5-4FB4-9D40-768AE4F57300}.Release|Any CPU.Build.0 = Release|Any CPU
		{9E08496B-2501-4CBF-844F-8FD7BA97F4E6}.Debug|Any CPU.ActiveCfg = Debug|Any CPU
		{9E08496B-2501-4CBF-844F-8FD7BA97F4E6}.Debug|Any CPU.Build.0 = Debug|Any CPU
		{9E08496B-2501-4CBF-844F-8FD7BA97F4E6}.Release|Any CPU.ActiveCfg = Release|Any CPU
		{9E08496B-2501-4CBF-844F-8FD7BA97F4E6}.Release|Any CPU.Build.0 = Release|Any CPU
		{EFCB1B91-2E92-478F-BFF7-013FF6911DCC}.Debug|Any CPU.ActiveCfg = Debug|Any CPU
		{EFCB1B91-2E92-478F-BFF7-013FF6911DCC}.Debug|Any CPU.Build.0 = Debug|Any CPU
		{EFCB1B91-2E92-478F-BFF7-013FF6911DCC}.Release|Any CPU.ActiveCfg = Release|Any CPU
		{EFCB1B91-2E92-478F-BFF7-013FF6911DCC}.Release|Any CPU.Build.0 = Release|Any CPU
		{89051A0E-8D18-48C3-B4E6-D05F62D252CE}.Debug|Any CPU.ActiveCfg = Debug|Any CPU
		{89051A0E-8D18-48C3-B4E6-D05F62D252CE}.Debug|Any CPU.Build.0 = Debug|Any CPU
		{89051A0E-8D18-48C3-B4E6-D05F62D252CE}.Release|Any CPU.ActiveCfg = Release|Any CPU
		{89051A0E-8D18-48C3-B4E6-D05F62D252CE}.Release|Any CPU.Build.0 = Release|Any CPU
		{D8F668F6-1603-4549-A508-F88A1C61AB2E}.Debug|Any CPU.ActiveCfg = Debug|Any CPU
		{D8F668F6-1603-4549-A508-F88A1C61AB2E}.Debug|Any CPU.Build.0 = Debug|Any CPU
		{D8F668F6-1603-4549-A508-F88A1C61AB2E}.Release|Any CPU.ActiveCfg = Release|Any CPU
		{D8F668F6-1603-4549-A508-F88A1C61AB2E}.Release|Any CPU.Build.0 = Release|Any CPU
		{941662DC-3973-40E2-A3CF-73F6C7C60579}.Debug|Any CPU.ActiveCfg = Debug|Any CPU
		{941662DC-3973-40E2-A3CF-73F6C7C60579}.Debug|Any CPU.Build.0 = Debug|Any CPU
		{941662DC-3973-40E2-A3CF-73F6C7C60579}.Release|Any CPU.ActiveCfg = Release|Any CPU
		{941662DC-3973-40E2-A3CF-73F6C7C60579}.Release|Any CPU.Build.0 = Release|Any CPU
		{9FBD1C54-7634-44DE-BC9D-C20688CA1010}.Debug|Any CPU.ActiveCfg = Debug|Any CPU
		{9FBD1C54-7634-44DE-BC9D-C20688CA1010}.Debug|Any CPU.Build.0 = Debug|Any CPU
		{9FBD1C54-7634-44DE-BC9D-C20688CA1010}.Release|Any CPU.ActiveCfg = Release|Any CPU
		{9FBD1C54-7634-44DE-BC9D-C20688CA1010}.Release|Any CPU.Build.0 = Release|Any CPU
		{D49DF53A-41DA-4048-AEF9-AA70AB649257}.Debug|Any CPU.ActiveCfg = Debug|Any CPU
		{D49DF53A-41DA-4048-AEF9-AA70AB649257}.Debug|Any CPU.Build.0 = Debug|Any CPU
		{D49DF53A-41DA-4048-AEF9-AA70AB649257}.Release|Any CPU.ActiveCfg = Release|Any CPU
		{D49DF53A-41DA-4048-AEF9-AA70AB649257}.Release|Any CPU.Build.0 = Release|Any CPU
		{0E5564F9-6660-4317-A6EB-E23B11170831}.Debug|Any CPU.ActiveCfg = Debug|Any CPU
		{0E5564F9-6660-4317-A6EB-E23B11170831}.Debug|Any CPU.Build.0 = Debug|Any CPU
		{0E5564F9-6660-4317-A6EB-E23B11170831}.Release|Any CPU.ActiveCfg = Release|Any CPU
		{0E5564F9-6660-4317-A6EB-E23B11170831}.Release|Any CPU.Build.0 = Release|Any CPU
		{89958BA4-ABEE-451A-A772-541D4B6EC92E}.Debug|Any CPU.ActiveCfg = Debug|Any CPU
		{89958BA4-ABEE-451A-A772-541D4B6EC92E}.Debug|Any CPU.Build.0 = Debug|Any CPU
		{89958BA4-ABEE-451A-A772-541D4B6EC92E}.Release|Any CPU.ActiveCfg = Release|Any CPU
		{89958BA4-ABEE-451A-A772-541D4B6EC92E}.Release|Any CPU.Build.0 = Release|Any CPU
		{AD2BF312-20BA-4604-9C59-593438BAE8A4}.Debug|Any CPU.ActiveCfg = Debug|Any CPU
		{AD2BF312-20BA-4604-9C59-593438BAE8A4}.Debug|Any CPU.Build.0 = Debug|Any CPU
		{AD2BF312-20BA-4604-9C59-593438BAE8A4}.Release|Any CPU.ActiveCfg = Release|Any CPU
		{AD2BF312-20BA-4604-9C59-593438BAE8A4}.Release|Any CPU.Build.0 = Release|Any CPU
		{20DBB28B-49AD-4F70-9843-891D3F465B3C}.Debug|Any CPU.ActiveCfg = Debug|Any CPU
		{20DBB28B-49AD-4F70-9843-891D3F465B3C}.Debug|Any CPU.Build.0 = Debug|Any CPU
		{20DBB28B-49AD-4F70-9843-891D3F465B3C}.Release|Any CPU.ActiveCfg = Release|Any CPU
		{20DBB28B-49AD-4F70-9843-891D3F465B3C}.Release|Any CPU.Build.0 = Release|Any CPU
		{170E0B18-C449-4987-9EED-D87D56E75584}.Debug|Any CPU.ActiveCfg = Debug|Any CPU
		{170E0B18-C449-4987-9EED-D87D56E75584}.Debug|Any CPU.Build.0 = Debug|Any CPU
		{170E0B18-C449-4987-9EED-D87D56E75584}.Release|Any CPU.ActiveCfg = Release|Any CPU
		{170E0B18-C449-4987-9EED-D87D56E75584}.Release|Any CPU.Build.0 = Release|Any CPU
		{9AF73E60-150E-4BB9-BB37-9802B4615A93}.Debug|Any CPU.ActiveCfg = Debug|Any CPU
		{9AF73E60-150E-4BB9-BB37-9802B4615A93}.Debug|Any CPU.Build.0 = Debug|Any CPU
		{9AF73E60-150E-4BB9-BB37-9802B4615A93}.Release|Any CPU.ActiveCfg = Release|Any CPU
		{9AF73E60-150E-4BB9-BB37-9802B4615A93}.Release|Any CPU.Build.0 = Release|Any CPU
	EndGlobalSection
	GlobalSection(SolutionProperties) = preSolution
		HideSolutionNode = FALSE
	EndGlobalSection
	GlobalSection(ExtensibilityGlobals) = postSolution
		SolutionGuid = {84A80D65-EB92-4143-9B89-26EA8EAAB191}
	EndGlobalSection
EndGlobal
